lockfileVersion: '9.0'

settings:
  autoInstallPeers: true
  excludeLinksFromLockfile: false

importers:

  .:
    devDependencies:
      '@biomejs/biome':
        specifier: ^1.9.4
        version: 1.9.4
      '@rspack/core':
        specifier: ^1.3.15
        version: 1.3.15(@swc/helpers@0.5.17)
      '@rstest/core':
        specifier: https://pkg.pr.new/web-infra-dev/rstest/@rstest/core@1b40438
        version: https://pkg.pr.new/web-infra-dev/rstest/@rstest/core@1b40438
      '@types/node':
        specifier: ^22.8.7
        version: 22.8.7
      cross-env:
        specifier: ^7.0.3
        version: 7.0.3
      execa:
        specifier: 9.5.1
        version: 9.5.1
      fs-extra:
        specifier: 11.2.0
        version: 11.2.0
      nano-staged:
        specifier: ^0.8.0
        version: 0.8.0
      semver:
        specifier: 7.6.3
        version: 7.6.3
      simple-git-hooks:
        specifier: ^2.11.1
        version: 2.11.1
      typescript:
        specifier: 5.6.3
        version: 5.6.3

packages:

  '@biomejs/biome@1.9.4':
    resolution: {integrity: sha512-1rkd7G70+o9KkTn5KLmDYXihGoTaIGO9PIIN2ZB7UJxFrWw04CZHPYiMRjYsaDvVV7hP1dYNRLxSANLaBFGpog==}
    engines: {node: '>=14.21.3'}
    hasBin: true

  '@biomejs/cli-darwin-arm64@1.9.4':
    resolution: {integrity: sha512-bFBsPWrNvkdKrNCYeAp+xo2HecOGPAy9WyNyB/jKnnedgzl4W4Hb9ZMzYNbf8dMCGmUdSavlYHiR01QaYR58cw==}
    engines: {node: '>=14.21.3'}
    cpu: [arm64]
    os: [darwin]

  '@biomejs/cli-darwin-x64@1.9.4':
    resolution: {integrity: sha512-ngYBh/+bEedqkSevPVhLP4QfVPCpb+4BBe2p7Xs32dBgs7rh9nY2AIYUL6BgLw1JVXV8GlpKmb/hNiuIxfPfZg==}
    engines: {node: '>=14.21.3'}
    cpu: [x64]
    os: [darwin]

  '@biomejs/cli-linux-arm64-musl@1.9.4':
    resolution: {integrity: sha512-v665Ct9WCRjGa8+kTr0CzApU0+XXtRgwmzIf1SeKSGAv+2scAlW6JR5PMFo6FzqqZ64Po79cKODKf3/AAmECqA==}
    engines: {node: '>=14.21.3'}
    cpu: [arm64]
    os: [linux]

  '@biomejs/cli-linux-arm64@1.9.4':
    resolution: {integrity: sha512-fJIW0+LYujdjUgJJuwesP4EjIBl/N/TcOX3IvIHJQNsAqvV2CHIogsmA94BPG6jZATS4Hi+xv4SkBBQSt1N4/g==}
    engines: {node: '>=14.21.3'}
    cpu: [arm64]
    os: [linux]

  '@biomejs/cli-linux-x64-musl@1.9.4':
    resolution: {integrity: sha512-gEhi/jSBhZ2m6wjV530Yy8+fNqG8PAinM3oV7CyO+6c3CEh16Eizm21uHVsyVBEB6RIM8JHIl6AGYCv6Q6Q9Tg==}
    engines: {node: '>=14.21.3'}
    cpu: [x64]
    os: [linux]

  '@biomejs/cli-linux-x64@1.9.4':
    resolution: {integrity: sha512-lRCJv/Vi3Vlwmbd6K+oQ0KhLHMAysN8lXoCI7XeHlxaajk06u7G+UsFSO01NAs5iYuWKmVZjmiOzJ0OJmGsMwg==}
    engines: {node: '>=14.21.3'}
    cpu: [x64]
    os: [linux]

  '@biomejs/cli-win32-arm64@1.9.4':
    resolution: {integrity: sha512-tlbhLk+WXZmgwoIKwHIHEBZUwxml7bRJgk0X2sPyNR3S93cdRq6XulAZRQJ17FYGGzWne0fgrXBKpl7l4M87Hg==}
    engines: {node: '>=14.21.3'}
    cpu: [arm64]
    os: [win32]

  '@biomejs/cli-win32-x64@1.9.4':
    resolution: {integrity: sha512-8Y5wMhVIPaWe6jw2H+KlEm4wP/f7EW3810ZLmDlrEEy5KvBsb9ECEfu/kMWD484ijfQ8+nIi0giMgu9g1UAuuA==}
    engines: {node: '>=14.21.3'}
    cpu: [x64]
    os: [win32]

  '@jridgewell/sourcemap-codec@1.5.0':
    resolution: {integrity: sha512-gv3ZRaISU3fjPAgNsriBRqGWQL6quFx04YMPW/zD8XMLsU32mhCCbfbO6KZFLjvYpCZ8zyDEgqsgf+PwPaM7GQ==}

  '@module-federation/error-codes@0.14.3':
    resolution: {integrity: sha512-sBJ3XKU9g5Up31jFeXPFsD8AgORV7TLO/cCSMuRewSfgYbG/3vSKLJmfHrO6+PvjZSb9VyV2UaF02ojktW65vw==}

  '@module-federation/runtime-core@0.14.3':
    resolution: {integrity: sha512-xMFQXflLVW/AJTWb4soAFP+LB4XuhE7ryiLIX8oTyUoBBgV6U2OPghnFljPjeXbud72O08NYlQ1qsHw1kN/V8Q==}

  '@module-federation/runtime-tools@0.14.3':
    resolution: {integrity: sha512-QBETX7iMYXdSa3JtqFlYU+YkpymxETZqyIIRiqg0gW+XGpH3jgU68yjrme2NBJp7URQi/CFZG8KWtfClk0Pjgw==}

  '@module-federation/runtime@0.14.3':
    resolution: {integrity: sha512-7ZHpa3teUDVhraYdxQGkfGHzPbjna4LtwbpudgzAxSLLFxLDNanaxCuSeIgSM9c+8sVUNC9kvzUgJEZB0krPJw==}

  '@module-federation/sdk@0.14.3':
    resolution: {integrity: sha512-THJZMfbXpqjQOLblCQ8jjcBFFXsGRJwUWE9l/Q4SmuCSKMgAwie7yLT0qSGrHmyBYrsUjAuy+xNB4nfKP0pnGw==}

  '@module-federation/webpack-bundler-runtime@0.14.3':
    resolution: {integrity: sha512-hIyJFu34P7bY2NeMIUHAS/mYUHEY71VTAsN0A0AqEJFSVPszheopu9VdXq0VDLrP9KQfuXT8SDxeYeJXyj0mgA==}

  '@rsbuild/core@1.4.0-beta.2':
    resolution: {integrity: sha512-cgMGolvlPkDghi0+tuoN5pYZERhOuOHQWXwxVU963/f5BSrXDRtwH6QzUevmUVyh+i1zFE5OdWM3YyVCahvG2Q==}
    engines: {node: '>=16.10.0'}
    hasBin: true

  '@rspack/binding-darwin-arm64@1.3.15':
    resolution: {integrity: sha512-f+DnVRENRdVe+ufpZeqTtWAUDSTnP48jVo7x9KWsXf8XyJHUi+eHKEPrFoy1HvL1/k5yJ3HVnFBh1Hb9cNIwSg==}
    cpu: [arm64]
    os: [darwin]

  '@rspack/binding-darwin-x64@1.3.15':
    resolution: {integrity: sha512-TfUvEIBqYUT2OK01BYXb2MNcZeZIhAnJy/5aj0qV0uy4KlvwW63HYcKWa1sFd4Ac7bnGShDkanvP3YEuHOFOyg==}
    cpu: [x64]
    os: [darwin]

  '@rspack/binding-linux-arm64-gnu@1.3.15':
    resolution: {integrity: sha512-D/YjYk9snKvYm1Elotq8/GsEipB4ZJWVv/V8cZ+ohhFNOPzygENi6JfyI06TryBTQiN0/JDZqt/S9RaWBWnMqw==}
    cpu: [arm64]
    os: [linux]

  '@rspack/binding-linux-arm64-musl@1.3.15':
    resolution: {integrity: sha512-lJbBsPMOiR0hYPCSM42yp7QiZjfo0ALtX7ws2wURpsQp3BMfRVAmXU3Ixpo2XCRtG1zj8crHaCmAWOJTS0smsA==}
    cpu: [arm64]
    os: [linux]

  '@rspack/binding-linux-x64-gnu@1.3.15':
    resolution: {integrity: sha512-qGB8ucHklrzNg6lsAS36VrBsCbOw0acgpQNqTE5cuHWrp1Pu3GFTRiFEogenxEmzoRbohMZt0Ev5grivrcgKBQ==}
    cpu: [x64]
    os: [linux]

  '@rspack/binding-linux-x64-musl@1.3.15':
    resolution: {integrity: sha512-qRn6e40fLQP+N2rQD8GAj/h4DakeTIho32VxTIaHRVuzw68ZD7VmKkwn55ssN370ejmey35ZdoNFNE12RBrMZA==}
    cpu: [x64]
    os: [linux]

  '@rspack/binding-win32-arm64-msvc@1.3.15':
    resolution: {integrity: sha512-7uJ7dWhO1nWXJiCss6Rslz8hoAxAhFpwpbWja3eHgRb7O4NPHg6MWw63AQSI2aFVakreenfu9yXQqYfpVWJ2dA==}
    cpu: [arm64]
    os: [win32]

  '@rspack/binding-win32-ia32-msvc@1.3.15':
    resolution: {integrity: sha512-UsaWTYCjDiSCB0A0qETgZk4QvhwfG8gCrO4SJvA+QSEWOmgSai1YV70prFtLLIiyT9mDt1eU3tPWl1UWPRU/EQ==}
    cpu: [ia32]
    os: [win32]

  '@rspack/binding-win32-x64-msvc@1.3.15':
    resolution: {integrity: sha512-ZnDIc9Es8EF94MirPDN+hOMt7tkb8nMEbRJFKLMmNd0ElNPgsql+1cY5SqyGRH1hsKB87KfSUQlhFiKZvzbfIg==}
    cpu: [x64]
    os: [win32]

  '@rspack/binding@1.3.15':
    resolution: {integrity: sha512-utNPuJglLO5lW9XbwIqjB7+2ilMo6JkuVLTVdnNVKU94FW7asn9F/qV+d+MgjUVqU1QPCGm0NuGO9xhbgeJ7pg==}

  '@rspack/core@1.3.15':
    resolution: {integrity: sha512-QuElIC8jXSKWAp0LSx18pmbhA7NiA5HGoVYesmai90UVxz98tud0KpMxTVCg+0lrLrnKZfCWN9kwjCxM5pGnrA==}
    engines: {node: '>=16.0.0'}
    peerDependencies:
      '@swc/helpers': '>=0.5.1'
    peerDependenciesMeta:
      '@swc/helpers':
        optional: true

  '@rspack/lite-tapable@1.0.1':
    resolution: {integrity: sha512-VynGOEsVw2s8TAlLf/uESfrgfrq2+rcXB1muPJYBWbsm1Oa6r5qVQhjA5ggM6z/coYPrsVMgovl3Ff7Q7OCp1w==}
    engines: {node: '>=16.0.0'}

  '@rstest/core@https://pkg.pr.new/web-infra-dev/rstest/@rstest/core@1b40438':
    resolution: {tarball: https://pkg.pr.new/web-infra-dev/rstest/@rstest/core@1b40438}
    version: 0.0.0
    engines: {node: '>=18.0.0'}
    hasBin: true

  '@sec-ant/readable-stream@0.4.1':
    resolution: {integrity: sha512-831qok9r2t8AlxLko40y2ebgSDhenenCatLVeW/uBtnHPyhHOvG0C7TvfgecV+wHzIm5KUICgzmVpWS+IMEAeg==}

  '@sindresorhus/merge-streams@4.0.0':
    resolution: {integrity: sha512-tlqY9xq5ukxTUZBmoOp+m61cqwQD5pHJtFY3Mn8CA8ps6yghLH/Hw8UPdqg4OLmFW3IFlcXnQNmo/dh8HzXYIQ==}
    engines: {node: '>=18'}

  '@swc/helpers@0.5.17':
    resolution: {integrity: sha512-5IKx/Y13RsYd+sauPb2x+U/xZikHjolzfuDgTAl/Tdf3Q8rslRvC19NKDLgAJQ6wsqADk10ntlv08nPFw/gO/A==}

  '@types/chai@5.2.2':
    resolution: {integrity: sha512-8kB30R7Hwqf40JPiKhVzodJs2Qc1ZJ5zuT3uzw5Hq/dhNCl3G3l83jfpdI1e20BP348+fV7VIL/+FxaXkqBmWg==}

  '@types/deep-eql@4.0.2':
    resolution: {integrity: sha512-c9h9dVVMigMPc4bwTvC5dxqtqJZwQPePsWjPlpSOnojbor6pGqdk541lfA7AqFQr5pB1BRdq0juY9db81BwyFw==}

  '@types/node@22.8.7':
    resolution: {integrity: sha512-LidcG+2UeYIWcMuMUpBKOnryBWG/rnmOHQR5apjn8myTQcx3rinFRn7DcIFhMnS0PPFSC6OafdIKEad0lj6U0Q==}

  '@vitest/expect@3.2.3':
    resolution: {integrity: sha512-W2RH2TPWVHA1o7UmaFKISPvdicFJH+mjykctJFoAkUw+SPTJTGjUNdKscFBrqM7IPnCVu6zihtKYa7TkZS1dkQ==}

  '@vitest/pretty-format@3.2.3':
    resolution: {integrity: sha512-yFglXGkr9hW/yEXngO+IKMhP0jxyFw2/qys/CK4fFUZnSltD+MU7dVYGrH8rvPcK/O6feXQA+EU33gjaBBbAng==}

  '@vitest/snapshot@3.2.3':
    resolution: {integrity: sha512-9gIVWx2+tysDqUmmM1L0hwadyumqssOL1r8KJipwLx5JVYyxvVRfxvMq7DaWbZZsCqZnu/dZedaZQh4iYTtneA==}

  '@vitest/spy@3.2.3':
    resolution: {integrity: sha512-JHu9Wl+7bf6FEejTCREy+DmgWe+rQKbK+y32C/k5f4TBIAlijhJbRBIRIOCEpVevgRsCQR2iHRUH2/qKVM/plw==}

  '@vitest/utils@3.2.3':
    resolution: {integrity: sha512-4zFBCU5Pf+4Z6v+rwnZ1HU1yzOKKvDkMXZrymE2PBlbjKJRlrOxbvpfPSvJTGRIwGoahaOGvp+kbCoxifhzJ1Q==}

  assertion-error@2.0.1:
    resolution: {integrity: sha512-Izi8RQcffqCeNVgFigKli1ssklIbpHnCYc6AknXGYoB6grJqyeby7jv12JUQgmTAnIDnbck1uxksT4dzN3PWBA==}
    engines: {node: '>=12'}

  birpc@2.3.0:
    resolution: {integrity: sha512-ijbtkn/F3Pvzb6jHypHRyve2QApOCZDR25D/VnkY2G/lBNcXCTsnsCxgY4k4PkVB7zfwzYbY3O9Lcqe3xufS5g==}

  chai@5.2.0:
    resolution: {integrity: sha512-mCuXncKXk5iCLhfhwTc0izo0gtEmpz5CtG2y8GiOINBlMVS6v8TMRc5TaLWKS6692m9+dVVfzgeVxR5UxWHTYw==}
    engines: {node: '>=12'}

  check-error@2.1.1:
    resolution: {integrity: sha512-OAlb+T7V4Op9OwdkjmguYRqncdlx5JiofwOAUkmTF+jNdHwzTaTs4sRAGpzLF3oOz5xAyDGrPgeIDFQmDOTiJw==}
    engines: {node: '>= 16'}

  core-js@3.42.0:
    resolution: {integrity: sha512-Sz4PP4ZA+Rq4II21qkNqOEDTDrCvcANId3xpIgB34NDkWc3UduWj2dqEtN9yZIq8Dk3HyPI33x9sqqU5C8sr0g==}

  cross-env@7.0.3:
    resolution: {integrity: sha512-+/HKd6EgcQCJGh2PSjZuUitQBQynKor4wrFbRg4DtAgS1aWO+gU52xpH7M9ScGgXSYmAVS9bIJ8EzuaGw0oNAw==}
    engines: {node: '>=10.14', npm: '>=6', yarn: '>=1'}
    hasBin: true

  cross-spawn@7.0.3:
    resolution: {integrity: sha512-iRDPJKUPVEND7dHPO8rkbOnPpyDygcDFtWjpeWNCgy8WP2rXcxXL8TskReQl6OrB2G7+UJrags1q15Fudc7G6w==}
    engines: {node: '>= 8'}

  deep-eql@5.0.2:
    resolution: {integrity: sha512-h5k/5U50IJJFpzfL6nO9jaaumfjO/f2NjK/oYB2Djzm4p9L+3T9qWpZqZ2hAbLPuuYq9wrU08WQyBTL5GbPk5Q==}
    engines: {node: '>=6'}

  execa@9.5.1:
    resolution: {integrity: sha512-QY5PPtSonnGwhhHDNI7+3RvY285c7iuJFFB+lU+oEzMY/gEGJ808owqJsrr8Otd1E/x07po1LkUBmdAc5duPAg==}
    engines: {node: ^18.19.0 || >=20.5.0}

  figures@6.1.0:
    resolution: {integrity: sha512-d+l3qxjSesT4V7v2fh+QnmFnUWv9lSpjarhShNTgBOfA0ttejbQUAlHLitbjkoRiDulW0OPoQPYIGhIC8ohejg==}
    engines: {node: '>=18'}

  fs-extra@11.2.0:
    resolution: {integrity: sha512-PmDi3uwK5nFuXh7XDTlVnS17xJS7vW36is2+w3xcv8SVxiB4NyATf4ctkVY5bkSjX0Y4nbvZCq1/EjtEyr9ktw==}
    engines: {node: '>=14.14'}

  get-stream@9.0.1:
    resolution: {integrity: sha512-kVCxPF3vQM/N0B1PmoqVUqgHP+EeVjmZSQn+1oCRPxd2P21P2F19lIgbR3HBosbB1PUhOAoctJnfEn2GbN2eZA==}
    engines: {node: '>=18'}

  graceful-fs@4.2.11:
    resolution: {integrity: sha512-RbJ5/jmFcNNCcDV5o9eTnBLJ/HszWV0P73bc+Ff4nS/rJj+YaS6IGyiOL0VoBYX+l1Wrl3k63h/KrH+nhJ0XvQ==}

  human-signals@8.0.0:
    resolution: {integrity: sha512-/1/GPCpDUCCYwlERiYjxoczfP0zfvZMU/OWgQPMya9AbAE24vseigFdhAMObpc8Q4lc/kjutPfUddDYyAmejnA==}
    engines: {node: '>=18.18.0'}

  is-plain-obj@4.1.0:
    resolution: {integrity: sha512-+Pgi+vMuUNkJyExiMBt5IlFoMyKnr5zhJ4Uspz58WOhBF5QoIZkFyNHIbBAtHwzVAgk5RtndVNsDRN61/mmDqg==}
    engines: {node: '>=12'}

  is-stream@4.0.1:
    resolution: {integrity: sha512-Dnz92NInDqYckGEUJv689RbRiTSEHCQ7wOVeALbkOz999YpqT46yMRIGtSNl2iCL1waAZSx40+h59NV/EwzV/A==}
    engines: {node: '>=18'}

  is-unicode-supported@2.0.0:
    resolution: {integrity: sha512-FRdAyx5lusK1iHG0TWpVtk9+1i+GjrzRffhDg4ovQ7mcidMQ6mj+MhKPmvh7Xwyv5gIS06ns49CA7Sqg7lC22Q==}
    engines: {node: '>=18'}

  isexe@2.0.0:
    resolution: {integrity: sha512-RHxMLp9lnKHGHRng9QFhRCMbYAcVpn69smSGcq3f36xjgVVWThj4qqLbTLlq7Ssj8B+fIQ1EuCEGI2lKsyQeIw==}

  jiti@2.4.2:
    resolution: {integrity: sha512-rg9zJN+G4n2nfJl5MW3BMygZX56zKPNVEYYqq7adpmMh4Jn2QNEwhvQlFy6jPVdcod7txZtKHWnyZiA3a0zP7A==}
    hasBin: true

  jsonfile@6.1.0:
    resolution: {integrity: sha512-5dgndWOriYSm5cnYaJNhalLNDKOqFwyDB/rr1E9ZsGciGvKPs8R2xYGCacuf3z6K1YKDz182fd+fY3cn3pMqXQ==}

  loupe@3.1.3:
    resolution: {integrity: sha512-kkIp7XSkP78ZxJEsSxW3712C6teJVoeHHwgo9zJ380de7IYyJ2ISlxojcH2pC5OFLewESmnRi/+XCDIEEVyoug==}

  magic-string@0.30.17:
    resolution: {integrity: sha512-sNPKHvyjVf7gyjwS4xGTaW/mCnF8wnjtifKBEhxfZ7E/S8tQ0rssrwGNn6q8JH/ohItJfSQp9mBtQYuTlH5QnA==}

  nano-staged@0.8.0:
    resolution: {integrity: sha512-QSEqPGTCJbkHU2yLvfY6huqYPjdBrOaTMKatO1F8nCSrkQGXeKwtCiCnsdxnuMhbg3DTVywKaeWLGCE5oJpq0g==}
    engines: {node: ^12.20.0 || ^14.13.1 || >=16.0.0}
    hasBin: true

  npm-run-path@6.0.0:
    resolution: {integrity: sha512-9qny7Z9DsQU8Ou39ERsPU4OZQlSTP47ShQzuKZ6PRXpYLtIFgl/DEBYEXKlvcEa+9tHVcK8CF81Y2V72qaZhWA==}
    engines: {node: '>=18'}

  parse-ms@4.0.0:
    resolution: {integrity: sha512-TXfryirbmq34y8QBwgqCVLi+8oA3oWx2eAnSn62ITyEhEYaWRlVZ2DvMM9eZbMs/RfxPu/PK/aBLyGj4IrqMHw==}
    engines: {node: '>=18'}

  path-key@3.1.1:
    resolution: {integrity: sha512-ojmeN0qd+y0jszEtoY48r0Peq5dwMEkIlCOu6Q5f41lfkswXuKtYrhgoTpLnyIcHm24Uhqx+5Tqm2InSwLhE6Q==}
    engines: {node: '>=8'}

  path-key@4.0.0:
    resolution: {integrity: sha512-haREypq7xkM7ErfgIyA0z+Bj4AGKlMSdlQE2jvJo6huWD1EdkKYV+G/T4nq0YEF2vgTT8kqMFKo1uHn950r4SQ==}
    engines: {node: '>=12'}

  pathe@2.0.3:
    resolution: {integrity: sha512-WUjGcAqP1gQacoQe+OBJsFA7Ld4DyXuUIjZ5cc75cLHvJ7dtNsTugphxIADwspS+AraAUePCKrSVtPLFj/F88w==}

  pathval@2.0.0:
    resolution: {integrity: sha512-vE7JKRyES09KiunauX7nd2Q9/L7lhok4smP9RZTDeD4MVs72Dp2qNFVz39Nz5a0FVEW0BJR6C0DYrq6unoziZA==}
    engines: {node: '>= 14.16'}

  picocolors@1.0.1:
    resolution: {integrity: sha512-anP1Z8qwhkbmu7MFP5iTt+wQKXgwzf7zTyGlcdzabySa9vd0Xt392U0rVmz9poOaBj0uHJKyyo9/upk0HrEQew==}

  pretty-ms@9.1.0:
    resolution: {integrity: sha512-o1piW0n3tgKIKCwk2vpM/vOV13zjJzvP37Ioze54YlTHE06m4tjEbzg9WsKkvTuyYln2DHjo5pY4qrZGI0otpw==}
    engines: {node: '>=18'}

  semver@7.6.3:
    resolution: {integrity: sha512-oVekP1cKtI+CTDvHWYFUcMtsK/00wmAEfyqKfNdARm8u1wNVhSgaX7A8d4UuIlUI5e84iEwOhs7ZPYRmzU9U6A==}
    engines: {node: '>=10'}
    hasBin: true

  shebang-command@2.0.0:
    resolution: {integrity: sha512-kHxr2zZpYtdmrN1qDjrrX/Z1rR1kG8Dx+gkpK1G4eXmvXswmcE1hTWBWYUzlraYw1/yZp6YuDY77YtvbN0dmDA==}
    engines: {node: '>=8'}

  shebang-regex@3.0.0:
    resolution: {integrity: sha512-7++dFhtcx3353uBaq8DDR4NuxBetBzC7ZQOhmTQInHEd6bSrXdiEyzCvG07Z44UYdLShWUyXt5M/yhz8ekcb1A==}
    engines: {node: '>=8'}

  signal-exit@4.1.0:
    resolution: {integrity: sha512-bzyZ1e88w9O1iNJbKnOlvYTrWPDl46O1bG0D3XInv+9tkPrxrN8jUUTiFlDkkmKWgn1M6CfIA13SuGqOa9Korw==}
    engines: {node: '>=14'}

  simple-git-hooks@2.11.1:
    resolution: {integrity: sha512-tgqwPUMDcNDhuf1Xf6KTUsyeqGdgKMhzaH4PAZZuzguOgTl5uuyeYe/8mWgAr6IBxB5V06uqEf6Dy37gIWDtDg==}
    hasBin: true

  std-env@3.9.0:
    resolution: {integrity: sha512-UGvjygr6F6tpH7o2qyqR6QYpwraIjKSdtzyBdyytFOHmPZY917kwdwLG0RbOjWOnKmnm3PeHjaoLLMie7kPLQw==}

  strip-final-newline@4.0.0:
    resolution: {integrity: sha512-aulFJcD6YK8V1G7iRB5tigAP4TsHBZZrOV8pjV++zdUwmeV8uzbY7yn6h9MswN62adStNZFuCIx4haBnRuMDaw==}
    engines: {node: '>=18'}

  tinypool@1.1.0:
    resolution: {integrity: sha512-7CotroY9a8DKsKprEy/a14aCCm8jYVmR7aFy4fpkZM8sdpNJbKkixuNjgM50yCmip2ezc8z4N7k3oe2+rfRJCQ==}
    engines: {node: ^18.0.0 || >=20.0.0}

  tinyrainbow@2.0.0:
    resolution: {integrity: sha512-op4nsTR47R6p0vMUUoYl/a+ljLFVtlfaXkLQmqfLR1qHma1h/ysYk4hEXZ880bf2CYgTskvTa/e196Vd5dDQXw==}
    engines: {node: '>=14.0.0'}

  tinyspy@4.0.3:
    resolution: {integrity: sha512-t2T/WLB2WRgZ9EpE4jgPJ9w+i66UZfDc8wHh0xrwiRNN+UwH98GIJkTeZqX9rg0i0ptwzqW+uYeIF0T4F8LR7A==}
    engines: {node: '>=14.0.0'}

  tslib@2.8.1:
    resolution: {integrity: sha512-oJFu94HQb+KVduSUQL7wnpmqnfmLsOA/nAh6b6EH0wCEoK0/mPeXU6c3wKDV83MkOuHPRHtSXKKU99IBazS/2w==}

  typescript@5.6.3:
    resolution: {integrity: sha512-hjcS1mhfuyi4WW8IWtjP7brDrG2cuDZukyrYrSauoXGNgx0S7zceP07adYkJycEr56BOUTNPzbInooiN3fn1qw==}
    engines: {node: '>=14.17'}
    hasBin: true

  undici-types@6.19.8:
    resolution: {integrity: sha512-ve2KP6f/JnbPBFyobGHuerC9g1FYGn/F8n1LWTwNxCEzd6IfqTwUQcNXgEtmmQ6DlRrC1hrSrBnCZPokRrDHjw==}

  unicorn-magic@0.3.0:
    resolution: {integrity: sha512-+QBBXBCvifc56fsbuxZQ6Sic3wqqc3WWaqxs58gvJrcOuN83HGTCwz3oS5phzU9LthRNE9VrJCFCLUgHeeFnfA==}
    engines: {node: '>=18'}

  universalify@2.0.1:
    resolution: {integrity: sha512-gptHNQghINnc/vTGIk0SOFGFNXw7JVrlRUtConJRlvaw6DuX0wO5Jeko9sWrMBhh+PsYAZ7oXAiOnf/UKogyiw==}
    engines: {node: '>= 10.0.0'}

  which@2.0.2:
    resolution: {integrity: sha512-BLI3Tl1TW3Pvl70l3yq3Y64i+awpwXqsGBYWkkqMtnbXgrMD+yj7rhW0kuEDxzJaYXGjEW5ogapKNMEKNMjibA==}
    engines: {node: '>= 8'}
    hasBin: true

  yoctocolors@2.1.1:
    resolution: {integrity: sha512-GQHQqAopRhwU8Kt1DDM8NjibDXHC8eoh1erhGAJPEyveY9qqVeXvVikNKrDz69sHowPMorbPUrH/mx8c50eiBQ==}
    engines: {node: '>=18'}

snapshots:

  '@biomejs/biome@1.9.4':
    optionalDependencies:
      '@biomejs/cli-darwin-arm64': 1.9.4
      '@biomejs/cli-darwin-x64': 1.9.4
      '@biomejs/cli-linux-arm64': 1.9.4
      '@biomejs/cli-linux-arm64-musl': 1.9.4
      '@biomejs/cli-linux-x64': 1.9.4
      '@biomejs/cli-linux-x64-musl': 1.9.4
      '@biomejs/cli-win32-arm64': 1.9.4
      '@biomejs/cli-win32-x64': 1.9.4

  '@biomejs/cli-darwin-arm64@1.9.4':
    optional: true

  '@biomejs/cli-darwin-x64@1.9.4':
    optional: true

  '@biomejs/cli-linux-arm64-musl@1.9.4':
    optional: true

  '@biomejs/cli-linux-arm64@1.9.4':
    optional: true

  '@biomejs/cli-linux-x64-musl@1.9.4':
    optional: true

  '@biomejs/cli-linux-x64@1.9.4':
    optional: true

  '@biomejs/cli-win32-arm64@1.9.4':
    optional: true

  '@biomejs/cli-win32-x64@1.9.4':
    optional: true

  '@jridgewell/sourcemap-codec@1.5.0': {}

  '@module-federation/error-codes@0.14.3': {}

  '@module-federation/runtime-core@0.14.3':
    dependencies:
      '@module-federation/error-codes': 0.14.3
      '@module-federation/sdk': 0.14.3

  '@module-federation/runtime-tools@0.14.3':
    dependencies:
      '@module-federation/runtime': 0.14.3
      '@module-federation/webpack-bundler-runtime': 0.14.3

  '@module-federation/runtime@0.14.3':
    dependencies:
      '@module-federation/error-codes': 0.14.3
      '@module-federation/runtime-core': 0.14.3
      '@module-federation/sdk': 0.14.3

  '@module-federation/sdk@0.14.3': {}

  '@module-federation/webpack-bundler-runtime@0.14.3':
    dependencies:
      '@module-federation/runtime': 0.14.3
      '@module-federation/sdk': 0.14.3

  '@rsbuild/core@1.4.0-beta.2':
    dependencies:
      '@rspack/core': 1.3.15(@swc/helpers@0.5.17)
      '@rspack/lite-tapable': 1.0.1
      '@swc/helpers': 0.5.17
      core-js: 3.42.0
      jiti: 2.4.2

  '@rspack/binding-darwin-arm64@1.3.15':
    optional: true

  '@rspack/binding-darwin-x64@1.3.15':
    optional: true

  '@rspack/binding-linux-arm64-gnu@1.3.15':
    optional: true

  '@rspack/binding-linux-arm64-musl@1.3.15':
    optional: true

  '@rspack/binding-linux-x64-gnu@1.3.15':
    optional: true

  '@rspack/binding-linux-x64-musl@1.3.15':
    optional: true

  '@rspack/binding-win32-arm64-msvc@1.3.15':
    optional: true

  '@rspack/binding-win32-ia32-msvc@1.3.15':
    optional: true

  '@rspack/binding-win32-x64-msvc@1.3.15':
    optional: true

  '@rspack/binding@1.3.15':
    optionalDependencies:
      '@rspack/binding-darwin-arm64': 1.3.15
      '@rspack/binding-darwin-x64': 1.3.15
      '@rspack/binding-linux-arm64-gnu': 1.3.15
      '@rspack/binding-linux-arm64-musl': 1.3.15
      '@rspack/binding-linux-x64-gnu': 1.3.15
      '@rspack/binding-linux-x64-musl': 1.3.15
      '@rspack/binding-win32-arm64-msvc': 1.3.15
      '@rspack/binding-win32-ia32-msvc': 1.3.15
      '@rspack/binding-win32-x64-msvc': 1.3.15

  '@rspack/core@1.3.15(@swc/helpers@0.5.17)':
    dependencies:
      '@module-federation/runtime-tools': 0.14.3
      '@rspack/binding': 1.3.15
      '@rspack/lite-tapable': 1.0.1
    optionalDependencies:
      '@swc/helpers': 0.5.17

  '@rspack/lite-tapable@1.0.1': {}

  '@rstest/core@https://pkg.pr.new/web-infra-dev/rstest/@rstest/core@1b40438':
    dependencies:
      '@rsbuild/core': 1.4.0-beta.2
      '@types/chai': 5.2.2
      '@vitest/expect': 3.2.3
      '@vitest/snapshot': 3.2.3
      birpc: 2.3.0
      chai: 5.2.0
      pathe: 2.0.3
      std-env: 3.9.0
      tinypool: 1.1.0

  '@sec-ant/readable-stream@0.4.1': {}

  '@sindresorhus/merge-streams@4.0.0': {}

  '@swc/helpers@0.5.17':
    dependencies:
      tslib: 2.8.1

  '@types/chai@5.2.2':
    dependencies:
      '@types/deep-eql': 4.0.2

  '@types/deep-eql@4.0.2': {}

  '@types/node@22.8.7':
    dependencies:
      undici-types: 6.19.8

  '@vitest/expect@3.2.3':
    dependencies:
      '@types/chai': 5.2.2
      '@vitest/spy': 3.2.3
      '@vitest/utils': 3.2.3
      chai: 5.2.0
      tinyrainbow: 2.0.0

  '@vitest/pretty-format@3.2.3':
    dependencies:
      tinyrainbow: 2.0.0

  '@vitest/snapshot@3.2.3':
    dependencies:
      '@vitest/pretty-format': 3.2.3
      magic-string: 0.30.17
      pathe: 2.0.3

  '@vitest/spy@3.2.3':
    dependencies:
      tinyspy: 4.0.3

  '@vitest/utils@3.2.3':
    dependencies:
      '@vitest/pretty-format': 3.2.3
      loupe: 3.1.3
      tinyrainbow: 2.0.0

  assertion-error@2.0.1: {}

  birpc@2.3.0: {}

  chai@5.2.0:
    dependencies:
      assertion-error: 2.0.1
      check-error: 2.1.1
      deep-eql: 5.0.2
      loupe: 3.1.3
      pathval: 2.0.0

  check-error@2.1.1: {}

  core-js@3.42.0: {}

  cross-env@7.0.3:
    dependencies:
      cross-spawn: 7.0.3

  cross-spawn@7.0.3:
    dependencies:
      path-key: 3.1.1
      shebang-command: 2.0.0
      which: 2.0.2

  deep-eql@5.0.2: {}

  execa@9.5.1:
    dependencies:
      '@sindresorhus/merge-streams': 4.0.0
      cross-spawn: 7.0.3
      figures: 6.1.0
      get-stream: 9.0.1
      human-signals: 8.0.0
      is-plain-obj: 4.1.0
      is-stream: 4.0.1
      npm-run-path: 6.0.0
      pretty-ms: 9.1.0
      signal-exit: 4.1.0
      strip-final-newline: 4.0.0
      yoctocolors: 2.1.1

  figures@6.1.0:
    dependencies:
      is-unicode-supported: 2.0.0

  fs-extra@11.2.0:
    dependencies:
      graceful-fs: 4.2.11
      jsonfile: 6.1.0
      universalify: 2.0.1

  get-stream@9.0.1:
    dependencies:
      '@sec-ant/readable-stream': 0.4.1
      is-stream: 4.0.1

  graceful-fs@4.2.11: {}

  human-signals@8.0.0: {}

  is-plain-obj@4.1.0: {}

  is-stream@4.0.1: {}

  is-unicode-supported@2.0.0: {}

  isexe@2.0.0: {}

  jiti@2.4.2: {}

  jsonfile@6.1.0:
    dependencies:
      universalify: 2.0.1
    optionalDependencies:
      graceful-fs: 4.2.11

  loupe@3.1.3: {}

  magic-string@0.30.17:
    dependencies:
      '@jridgewell/sourcemap-codec': 1.5.0

  nano-staged@0.8.0:
    dependencies:
      picocolors: 1.0.1

  npm-run-path@6.0.0:
    dependencies:
      path-key: 4.0.0
      unicorn-magic: 0.3.0

  parse-ms@4.0.0: {}

  path-key@3.1.1: {}

  path-key@4.0.0: {}

  pathe@2.0.3: {}

  pathval@2.0.0: {}

  picocolors@1.0.1: {}

  pretty-ms@9.1.0:
    dependencies:
      parse-ms: 4.0.0

  semver@7.6.3: {}

  shebang-command@2.0.0:
    dependencies:
      shebang-regex: 3.0.0

  shebang-regex@3.0.0: {}

  signal-exit@4.1.0: {}

  simple-git-hooks@2.11.1: {}

  std-env@3.9.0: {}

  strip-final-newline@4.0.0: {}

  tinypool@1.1.0: {}

  tinyrainbow@2.0.0: {}

  tinyspy@4.0.3: {}

  tslib@2.8.1: {}

  typescript@5.6.3: {}

  undici-types@6.19.8: {}

  unicorn-magic@0.3.0: {}

  universalify@2.0.1: {}

  which@2.0.2:
    dependencies:
      isexe: 2.0.0

  yoctocolors@2.1.1: {}
