lockfileVersion: '9.0'

settings:
  autoInstallPeers: true
  excludeLinksFromLockfile: false

importers:

  .:
    devDependencies:
      '@biomejs/biome':
        specifier: ^1.9.4
        version: 1.9.4
      '@rspack/core':
        specifier: ^1.6.0
        version: 1.6.0(@swc/helpers@0.5.17)
      '@rstest/core':
        specifier: 0.6.1
        version: 0.6.1
      '@types/node':
        specifier: ^22.18.13
        version: 22.18.13
      cross-env:
        specifier: ^10.1.0
        version: 10.1.0
      execa:
        specifier: 9.6.0
        version: 9.6.0
      fs-extra:
        specifier: 11.3.2
        version: 11.3.2
      nano-staged:
        specifier: ^0.8.0
        version: 0.8.0
      semver:
        specifier: 7.7.3
        version: 7.7.3
      simple-git-hooks:
        specifier: ^2.13.1
        version: 2.13.1
      typescript:
        specifier: 5.9.3
        version: 5.9.3

packages:

  '@biomejs/biome@1.9.4':
    resolution: {integrity: sha512-1rkd7G70+o9KkTn5KLmDYXihGoTaIGO9PIIN2ZB7UJxFrWw04CZHPYiMRjYsaDvVV7hP1dYNRLxSANLaBFGpog==}
    engines: {node: '>=14.21.3'}
    hasBin: true

  '@biomejs/cli-darwin-arm64@1.9.4':
    resolution: {integrity: sha512-bFBsPWrNvkdKrNCYeAp+xo2HecOGPAy9WyNyB/jKnnedgzl4W4Hb9ZMzYNbf8dMCGmUdSavlYHiR01QaYR58cw==}
    engines: {node: '>=14.21.3'}
    cpu: [arm64]
    os: [darwin]

  '@biomejs/cli-darwin-x64@1.9.4':
    resolution: {integrity: sha512-ngYBh/+bEedqkSevPVhLP4QfVPCpb+4BBe2p7Xs32dBgs7rh9nY2AIYUL6BgLw1JVXV8GlpKmb/hNiuIxfPfZg==}
    engines: {node: '>=14.21.3'}
    cpu: [x64]
    os: [darwin]

  '@biomejs/cli-linux-arm64-musl@1.9.4':
    resolution: {integrity: sha512-v665Ct9WCRjGa8+kTr0CzApU0+XXtRgwmzIf1SeKSGAv+2scAlW6JR5PMFo6FzqqZ64Po79cKODKf3/AAmECqA==}
    engines: {node: '>=14.21.3'}
    cpu: [arm64]
    os: [linux]

  '@biomejs/cli-linux-arm64@1.9.4':
    resolution: {integrity: sha512-fJIW0+LYujdjUgJJuwesP4EjIBl/N/TcOX3IvIHJQNsAqvV2CHIogsmA94BPG6jZATS4Hi+xv4SkBBQSt1N4/g==}
    engines: {node: '>=14.21.3'}
    cpu: [arm64]
    os: [linux]

  '@biomejs/cli-linux-x64-musl@1.9.4':
    resolution: {integrity: sha512-gEhi/jSBhZ2m6wjV530Yy8+fNqG8PAinM3oV7CyO+6c3CEh16Eizm21uHVsyVBEB6RIM8JHIl6AGYCv6Q6Q9Tg==}
    engines: {node: '>=14.21.3'}
    cpu: [x64]
    os: [linux]

  '@biomejs/cli-linux-x64@1.9.4':
    resolution: {integrity: sha512-lRCJv/Vi3Vlwmbd6K+oQ0KhLHMAysN8lXoCI7XeHlxaajk06u7G+UsFSO01NAs5iYuWKmVZjmiOzJ0OJmGsMwg==}
    engines: {node: '>=14.21.3'}
    cpu: [x64]
    os: [linux]

  '@biomejs/cli-win32-arm64@1.9.4':
    resolution: {integrity: sha512-tlbhLk+WXZmgwoIKwHIHEBZUwxml7bRJgk0X2sPyNR3S93cdRq6XulAZRQJ17FYGGzWne0fgrXBKpl7l4M87Hg==}
    engines: {node: '>=14.21.3'}
    cpu: [arm64]
    os: [win32]

  '@biomejs/cli-win32-x64@1.9.4':
    resolution: {integrity: sha512-8Y5wMhVIPaWe6jw2H+KlEm4wP/f7EW3810ZLmDlrEEy5KvBsb9ECEfu/kMWD484ijfQ8+nIi0giMgu9g1UAuuA==}
    engines: {node: '>=14.21.3'}
    cpu: [x64]
    os: [win32]

  '@emnapi/core@1.5.0':
    resolution: {integrity: sha512-sbP8GzB1WDzacS8fgNPpHlp6C9VZe+SJP3F90W9rLemaQj2PzIuTEl1qDOYQf58YIpyjViI24y9aPWCjEzY2cg==}

  '@emnapi/runtime@1.5.0':
    resolution: {integrity: sha512-97/BJ3iXHww3djw6hYIfErCZFee7qCtrneuLa20UXFCOTCfBM2cvQHjWJ2EG0s0MtdNwInarqCTz35i4wWXHsQ==}

  '@emnapi/wasi-threads@1.1.0':
    resolution: {integrity: sha512-WI0DdZ8xFSbgMjR1sFsKABJ/C5OnRrjT06JXbZKexJGrDuPTzZdDYfFlsgcCXCyf+suG5QU2e/y1Wo2V/OapLQ==}

  '@epic-web/invariant@1.0.0':
    resolution: {integrity: sha512-lrTPqgvfFQtR/eY/qkIzp98OGdNJu0m5ji3q/nJI8v3SXkRKEnWiOxMmbvcSoAIzv/cGiuvRy57k4suKQSAdwA==}

  '@module-federation/error-codes@0.21.1':
    resolution: {integrity: sha512-h1brnwR9AbwMu1P7ZoJJ9j2O2XWkuMh5p03WhXI1vNEdl3xJheSAvH8RjG8FoKRccVgMnUNDQ+vDVwevUBms/A==}

  '@module-federation/error-codes@0.21.2':
    resolution: {integrity: sha512-mGbPAAApgjmQUl4J7WAt20aV04a26TyS21GDEpOGXFEQG5FqmZnSJ6FqB8K19HgTKioBT1+fF/Ctl5bGGao/EA==}

  '@module-federation/runtime-core@0.21.1':
    resolution: {integrity: sha512-COob5bepqDc9mKjTziXbQd4WQMCTzhc0cuXyraZhYddYcjcepzZrMpDIXG1x5p+gdg5p1vsGNWt/ZcU8cFh/pg==}

  '@module-federation/runtime-core@0.21.2':
    resolution: {integrity: sha512-LtDnccPxjR8Xqa3daRYr1cH/6vUzK3mQSzgvnfsUm1fXte5syX4ftWw3Eu55VdqNY3yREFRn77AXdu9PfPEZRw==}

  '@module-federation/runtime-tools@0.21.1':
    resolution: {integrity: sha512-uQmammw3Osg8370yiRqZwKo7eA5zkyml9pAX9x4oS9QAkEBvQpDogERlF9f7gAgcP2P3v+xLg3/bCdquD0gt8A==}

  '@module-federation/runtime-tools@0.21.2':
    resolution: {integrity: sha512-SgG9NWTYGNYcHSd5MepO3AXf6DNXriIo4sKKM4mu4RqfYhHyP+yNjnF/gvYJl52VD61g0nADmzLWzBqxOqk2tg==}

  '@module-federation/runtime@0.21.1':
    resolution: {integrity: sha512-sfBrP0gEPwXPEiREVKVd0IjEWXtr3G/i7EUZVWTt4D491nNpswog/kuKFatGmhcBb+9uD5v9rxFgmIbgL9njnQ==}

  '@module-federation/runtime@0.21.2':
    resolution: {integrity: sha512-97jlOx4RAnAHMBTfgU5FBK6+V/pfT6GNX0YjSf8G+uJ3lFy74Y6kg/BevEkChTGw5waCLAkw/pw4LmntYcNN7g==}

  '@module-federation/sdk@0.21.1':
    resolution: {integrity: sha512-1cHMrmCCao3NMFM4BkA0GDt4rbYbyneHct5E4z68cu5UBUnI3L/UboP5VNM8lkYMO1nCR8M0FcLkLhK35Nt48A==}

  '@module-federation/sdk@0.21.2':
    resolution: {integrity: sha512-t2vHSJ1a9zjg7LLJoEghcytNLzeFCqOat5TbXTav5dgU0xXw82Cf0EfLrxiJL6uUpgbtyvUdqqa2DVAvMPjiiA==}

  '@module-federation/webpack-bundler-runtime@0.21.1':
    resolution: {integrity: sha512-yyXX6ugTV07pMxMzAHt6/JDwblS3f1NDyUI7l44CyYgXpl2ItEEUs5aj5h/5xU1c9Px7M//KkY3qW+InW4tR/A==}

  '@module-federation/webpack-bundler-runtime@0.21.2':
    resolution: {integrity: sha512-06R/NDY6Uh5RBIaBOFwYWzJCf1dIiQd/DFHToBVhejUT3ZFG7GzHEPIIsAGqMzne/JSmVsvjlXiJu7UthQ6rFA==}

  '@napi-rs/wasm-runtime@1.0.7':
    resolution: {integrity: sha512-SeDnOO0Tk7Okiq6DbXmmBODgOAb9dp9gjlphokTUxmt8U3liIP1ZsozBahH69j/RJv+Rfs6IwUKHTgQYJ/HBAw==}

  '@rsbuild/core@1.6.0-beta.1':
    resolution: {integrity: sha512-UjQnvXDW9m/hS4DP66ubGIMVjK2PzYx8tzgiinrO0kjNCr9i8KWuJSJGUWyczFMpSsXxp20LnuTxtx7kiGiYdA==}
    engines: {node: '>=18.12.0'}
    hasBin: true

  '@rspack/binding-darwin-arm64@1.6.0':
    resolution: {integrity: sha512-IrigOWnGvQgugsTZgf3dB5uko+y+lkNLYg/8w0DiobxkWhpLO97RAeR1w0ofIPXYVu3UWVf7dgHj3PjTqjC9Tw==}
    cpu: [arm64]
    os: [darwin]

  '@rspack/binding-darwin-arm64@1.6.0-beta.1':
    resolution: {integrity: sha512-RXQ97iVXgvQAb/cq265z/txdHOOJ6fQQRBfnn0IfMNk7gT4W2rvsLrOqQpwtMKxYV4N/mfWnycfAVa0OOf22Gg==}
    cpu: [arm64]
    os: [darwin]

  '@rspack/binding-darwin-x64@1.6.0':
    resolution: {integrity: sha512-UYz+Y1XqbHGnkUOsaZRuwiuQaQaQ5rEPSboBPlIVDtblwmB71yxo3ET0nSoUhz8L/WXqQoARiraTCxUP6bvSIg==}
    cpu: [x64]
    os: [darwin]

  '@rspack/binding-darwin-x64@1.6.0-beta.1':
    resolution: {integrity: sha512-Ulb7Jyyvuf28BwPXZKSbglaSK/19b32ItWT+pgswhbFsnfhzAQQd7Jo7TUEvHNHAdVDiES8VFlrnOhOSnwEOLg==}
    cpu: [x64]
    os: [darwin]

  '@rspack/binding-linux-arm64-gnu@1.6.0':
    resolution: {integrity: sha512-Jr7aaxrtwOnh7ge7tZP+Mjpo6uNltvQisL25WcjpP+8PnPT0C9jziKDJso7KxeOINXnQ2yRn2h65+HBNb7FQig==}
    cpu: [arm64]
    os: [linux]

  '@rspack/binding-linux-arm64-gnu@1.6.0-beta.1':
    resolution: {integrity: sha512-UyUoh5RXHTWCktqPVnqoc5rwlWyLkWqGu6ga+iyJHDxdxlrHFfwJnTSnCd4y8cRadf7CrmjHElxE61GU3WCYhw==}
    cpu: [arm64]
    os: [linux]

  '@rspack/binding-linux-arm64-musl@1.6.0':
    resolution: {integrity: sha512-hl17reUhkjgkcLao6ZvNiSRQFGFykqUpIj1//v/XtVd/2XAZ0Kt7jv9UUeaR+2zY8piH+tgCkwgefmjmajMeFg==}
    cpu: [arm64]
    os: [linux]

  '@rspack/binding-linux-arm64-musl@1.6.0-beta.1':
    resolution: {integrity: sha512-JAXVKHQieN4Ruvs7MstvsPUtRBSAROqJ0abCh4rXdV+FzncKp/ZkdfjQploDhBWtWfU8rPvIjaxeZcPfHMI5/A==}
    cpu: [arm64]
    os: [linux]

  '@rspack/binding-linux-x64-gnu@1.6.0':
    resolution: {integrity: sha512-xdlb+ToerFU/YggndCfIrZI/S/C80CP9ZFw6lhnEFSTJDAG88KptxstsoKUh8YzyPTD45CYaOjYNtUtiv0nScg==}
    cpu: [x64]
    os: [linux]

  '@rspack/binding-linux-x64-gnu@1.6.0-beta.1':
    resolution: {integrity: sha512-LqAos71CJS5/V4knX9T7T68oGz0XPRZ2IJmI3jEByRlNcyZdxYeQ7Dw09JO9Y5Xj0T+0cudOeL2MxHcD3gTF/w==}
    cpu: [x64]
    os: [linux]

  '@rspack/binding-linux-x64-musl@1.6.0':
    resolution: {integrity: sha512-IkXEW/FBPPz4EJJTLNZvA+94aLaW2HgUMYu7zCIw5YMc9JJ/UXexY1zjX/A7yidsCiZCRy/ZrB+veFJ5FkZv7w==}
    cpu: [x64]
    os: [linux]

  '@rspack/binding-linux-x64-musl@1.6.0-beta.1':
    resolution: {integrity: sha512-E4dRMzIHYaoYkgmDTFLrgnGtdspbAuVbLfaPF9AWW5YkQn52obGAgbbNb1wi1JJ5f29nTBoLauYCucEO5IGFvA==}
    cpu: [x64]
    os: [linux]

  '@rspack/binding-wasm32-wasi@1.6.0':
    resolution: {integrity: sha512-XGwX35XXnoTYVUGwDBsKNOkkk/yUsT/RF59u9BwT3QBM5eSXk767xVw/ZeiiyJf5YfI/52HDW2E4QZyvlYyv7g==}
    cpu: [wasm32]

  '@rspack/binding-wasm32-wasi@1.6.0-beta.1':
    resolution: {integrity: sha512-PaKEjXOkYprSFlgdgVm/P3pv2E8nAQx9WSGgPmMVIAtxo3Cyz0wwFf0f1Bp9wCw0KkIWgi+9lz8oXNkgKZilug==}
    cpu: [wasm32]

  '@rspack/binding-win32-arm64-msvc@1.6.0':
    resolution: {integrity: sha512-HOA/U7YC6EB74CpIrT2GrvPgd+TLr0anNuOp/8omw9hH1jjsP5cjUMgWeAGmWyXWxwoS8rRJ0xhRA+UIe3cL3g==}
    cpu: [arm64]
    os: [win32]

  '@rspack/binding-win32-arm64-msvc@1.6.0-beta.1':
    resolution: {integrity: sha512-HWz9Qxrjf3TKLCwiFPJaqw+STvEsBvFYZvBXZ8umIZXqtdfgQP5d91V8JRG4Gg1J6xnGC/KhZexxBuR/y64aBA==}
    cpu: [arm64]
    os: [win32]

  '@rspack/binding-win32-ia32-msvc@1.6.0':
    resolution: {integrity: sha512-ThczdltBOFcq+IrTflCE+8q0GvKoISt6pTupkuGnI1/bCnqhCxPP6kx8Z06fdJUFMhvBtpZa0gDJvhh3JBZrKA==}
    cpu: [ia32]
    os: [win32]

  '@rspack/binding-win32-ia32-msvc@1.6.0-beta.1':
    resolution: {integrity: sha512-alAZHRuyPzCH3rJpEC9EBE60EZPnQjzltZ6HN8lsCidACMFTzaLBvuzZyYQah+Zm58O22ok2Eon4BpP1Coizgg==}
    cpu: [ia32]
    os: [win32]

  '@rspack/binding-win32-x64-msvc@1.6.0':
    resolution: {integrity: sha512-Bhyvsh1m6kIpr1vqZlcdUDUTh0bheRe9SF+f6jw0kPDPbh8FfrRbshPKmRHpRZAUHt20NqgUKR2z2BaKb0IJvQ==}
    cpu: [x64]
    os: [win32]

  '@rspack/binding-win32-x64-msvc@1.6.0-beta.1':
    resolution: {integrity: sha512-/WBzhed0Cu0o9XQ9caGgWwzyNnnPKlENlExa2aGbRCbB14/+CwfhCyETyKlc/ID+dtlV/eHKTC9cckUNI8NpTQ==}
    cpu: [x64]
    os: [win32]

  '@rspack/binding@1.6.0':
    resolution: {integrity: sha512-RqlCjvWg/LkJjHpsbI48ebo2SYpIBJsV1eh9SEMfXo1batAPvB5grhAbLX0MRUOtzuQOnZMCDGdr2v7l2L8Siw==}

  '@rspack/binding@1.6.0-beta.1':
    resolution: {integrity: sha512-r3L60ekkDLM5qoRjCMrqsgwU9SQ5e8oA/Omltu/FEEUspIVHawPvAqNZvAXnGB+FoNxM8YgdRRh12PAwXJww0A==}

  '@rspack/core@1.6.0':
    resolution: {integrity: sha512-u2GDSToEhmgIsy0QbOPA81i9tu87J2HgSsRA3HHZfWIR8Vt8KdlAriQnG8CatDnvFSY/UQEumVf5Z1HUAQwxCg==}
    engines: {node: '>=18.12.0'}
    peerDependencies:
      '@swc/helpers': '>=0.5.1'
    peerDependenciesMeta:
      '@swc/helpers':
        optional: true

  '@rspack/core@1.6.0-beta.1':
    resolution: {integrity: sha512-2ff8XWonPPHyQ6mEWogMspg+Sul3lXZUfNQVrbYSjfNpi8CeDV0/ZtRbHHbAXiy6pz5fvBFL6X+i/ATckjTYBw==}
    engines: {node: '>=18.12.0'}
    peerDependencies:
      '@swc/helpers': '>=0.5.1'
    peerDependenciesMeta:
      '@swc/helpers':
        optional: true

  '@rspack/lite-tapable@1.0.1':
    resolution: {integrity: sha512-VynGOEsVw2s8TAlLf/uESfrgfrq2+rcXB1muPJYBWbsm1Oa6r5qVQhjA5ggM6z/coYPrsVMgovl3Ff7Q7OCp1w==}
    engines: {node: '>=16.0.0'}

  '@rstest/core@0.6.1':
    resolution: {integrity: sha512-k+7V+n/o6owtdeg+th9C2wvo4xlIcKKvbBEzT844RcLpp70tnW5iubcZWtn1DMXZ0gTi8uBTVZfw3JPBY8oV4w==}
    engines: {node: '>=18.12.0'}
    hasBin: true
    peerDependencies:
      happy-dom: '*'
      jsdom: '*'
    peerDependenciesMeta:
      happy-dom:
        optional: true
      jsdom:
        optional: true

  '@sec-ant/readable-stream@0.4.1':
    resolution: {integrity: sha512-831qok9r2t8AlxLko40y2ebgSDhenenCatLVeW/uBtnHPyhHOvG0C7TvfgecV+wHzIm5KUICgzmVpWS+IMEAeg==}

  '@sindresorhus/merge-streams@4.0.0':
    resolution: {integrity: sha512-tlqY9xq5ukxTUZBmoOp+m61cqwQD5pHJtFY3Mn8CA8ps6yghLH/Hw8UPdqg4OLmFW3IFlcXnQNmo/dh8HzXYIQ==}
    engines: {node: '>=18'}

  '@swc/helpers@0.5.17':
    resolution: {integrity: sha512-5IKx/Y13RsYd+sauPb2x+U/xZikHjolzfuDgTAl/Tdf3Q8rslRvC19NKDLgAJQ6wsqADk10ntlv08nPFw/gO/A==}

  '@tybys/wasm-util@0.10.1':
    resolution: {integrity: sha512-9tTaPJLSiejZKx+Bmog4uSubteqTvFrVrURwkmHixBo0G4seD0zUxp98E1DzUBJxLQ3NPwXrGKDiVjwx/DpPsg==}

  '@types/chai@5.2.3':
    resolution: {integrity: sha512-Mw558oeA9fFbv65/y4mHtXDs9bPnFMZAL/jxdPFUpOHHIXX91mcgEHbS5Lahr+pwZFR8A7GQleRWeI6cGFC2UA==}

  '@types/deep-eql@4.0.2':
    resolution: {integrity: sha512-c9h9dVVMigMPc4bwTvC5dxqtqJZwQPePsWjPlpSOnojbor6pGqdk541lfA7AqFQr5pB1BRdq0juY9db81BwyFw==}

  '@types/node@22.18.13':
    resolution: {integrity: sha512-Bo45YKIjnmFtv6I1TuC8AaHBbqXtIo+Om5fE4QiU1Tj8QR/qt+8O3BAtOimG5IFmwaWiPmB3Mv3jtYzBA4Us2A==}

  assertion-error@2.0.1:
    resolution: {integrity: sha512-Izi8RQcffqCeNVgFigKli1ssklIbpHnCYc6AknXGYoB6grJqyeby7jv12JUQgmTAnIDnbck1uxksT4dzN3PWBA==}
    engines: {node: '>=12'}

  core-js@3.46.0:
    resolution: {integrity: sha512-vDMm9B0xnqqZ8uSBpZ8sNtRtOdmfShrvT6h2TuQGLs0Is+cR0DYbj/KWP6ALVNbWPpqA/qPLoOuppJN07humpA==}

  cross-env@10.1.0:
    resolution: {integrity: sha512-GsYosgnACZTADcmEyJctkJIoqAhHjttw7RsFrVoJNXbsWWqaq6Ym+7kZjq6mS45O0jij6vtiReppKQEtqWy6Dw==}
    engines: {node: '>=20'}
    hasBin: true

  cross-spawn@7.0.6:
    resolution: {integrity: sha512-uV2QOWP2nWzsy2aMp8aRibhi9dlzF5Hgh5SHaB9OiTGEyDTiJJyx0uy51QXdyWbtAHNua4XJzUKca3OzKUd3vA==}
    engines: {node: '>= 8'}

  execa@9.6.0:
    resolution: {integrity: sha512-jpWzZ1ZhwUmeWRhS7Qv3mhpOhLfwI+uAX4e5fOcXqwMR7EcJ0pj2kV1CVzHVMX/LphnKWD3LObjZCoJ71lKpHw==}
    engines: {node: ^18.19.0 || >=20.5.0}

  figures@6.1.0:
    resolution: {integrity: sha512-d+l3qxjSesT4V7v2fh+QnmFnUWv9lSpjarhShNTgBOfA0ttejbQUAlHLitbjkoRiDulW0OPoQPYIGhIC8ohejg==}
    engines: {node: '>=18'}

  fs-extra@11.3.2:
    resolution: {integrity: sha512-Xr9F6z6up6Ws+NjzMCZc6WXg2YFRlrLP9NQDO3VQrWrfiojdhS56TzueT88ze0uBdCTwEIhQ3ptnmKeWGFAe0A==}
    engines: {node: '>=14.14'}

  get-stream@9.0.1:
    resolution: {integrity: sha512-kVCxPF3vQM/N0B1PmoqVUqgHP+EeVjmZSQn+1oCRPxd2P21P2F19lIgbR3HBosbB1PUhOAoctJnfEn2GbN2eZA==}
    engines: {node: '>=18'}

  graceful-fs@4.2.11:
    resolution: {integrity: sha512-RbJ5/jmFcNNCcDV5o9eTnBLJ/HszWV0P73bc+Ff4nS/rJj+YaS6IGyiOL0VoBYX+l1Wrl3k63h/KrH+nhJ0XvQ==}

  human-signals@8.0.1:
    resolution: {integrity: sha512-eKCa6bwnJhvxj14kZk5NCPc6Hb6BdsU9DZcOnmQKSnO1VKrfV0zCvtttPZUsBvjmNDn8rpcJfpwSYnHBjc95MQ==}
    engines: {node: '>=18.18.0'}

  is-plain-obj@4.1.0:
    resolution: {integrity: sha512-+Pgi+vMuUNkJyExiMBt5IlFoMyKnr5zhJ4Uspz58WOhBF5QoIZkFyNHIbBAtHwzVAgk5RtndVNsDRN61/mmDqg==}
    engines: {node: '>=12'}

  is-stream@4.0.1:
    resolution: {integrity: sha512-Dnz92NInDqYckGEUJv689RbRiTSEHCQ7wOVeALbkOz999YpqT46yMRIGtSNl2iCL1waAZSx40+h59NV/EwzV/A==}
    engines: {node: '>=18'}

  is-unicode-supported@2.0.0:
    resolution: {integrity: sha512-FRdAyx5lusK1iHG0TWpVtk9+1i+GjrzRffhDg4ovQ7mcidMQ6mj+MhKPmvh7Xwyv5gIS06ns49CA7Sqg7lC22Q==}
    engines: {node: '>=18'}

  isexe@2.0.0:
    resolution: {integrity: sha512-RHxMLp9lnKHGHRng9QFhRCMbYAcVpn69smSGcq3f36xjgVVWThj4qqLbTLlq7Ssj8B+fIQ1EuCEGI2lKsyQeIw==}

  jiti@2.6.1:
    resolution: {integrity: sha512-ekilCSN1jwRvIbgeg/57YFh8qQDNbwDb9xT/qu2DAHbFFZUicIl4ygVaAvzveMhMVr3LnpSKTNnwt8PoOfmKhQ==}
    hasBin: true

  jsonfile@6.1.0:
    resolution: {integrity: sha512-5dgndWOriYSm5cnYaJNhalLNDKOqFwyDB/rr1E9ZsGciGvKPs8R2xYGCacuf3z6K1YKDz182fd+fY3cn3pMqXQ==}

  nano-staged@0.8.0:
    resolution: {integrity: sha512-QSEqPGTCJbkHU2yLvfY6huqYPjdBrOaTMKatO1F8nCSrkQGXeKwtCiCnsdxnuMhbg3DTVywKaeWLGCE5oJpq0g==}
    engines: {node: ^12.20.0 || ^14.13.1 || >=16.0.0}
    hasBin: true

  npm-run-path@6.0.0:
    resolution: {integrity: sha512-9qny7Z9DsQU8Ou39ERsPU4OZQlSTP47ShQzuKZ6PRXpYLtIFgl/DEBYEXKlvcEa+9tHVcK8CF81Y2V72qaZhWA==}
    engines: {node: '>=18'}

  parse-ms@4.0.0:
    resolution: {integrity: sha512-TXfryirbmq34y8QBwgqCVLi+8oA3oWx2eAnSn62ITyEhEYaWRlVZ2DvMM9eZbMs/RfxPu/PK/aBLyGj4IrqMHw==}
    engines: {node: '>=18'}

  path-key@3.1.1:
    resolution: {integrity: sha512-ojmeN0qd+y0jszEtoY48r0Peq5dwMEkIlCOu6Q5f41lfkswXuKtYrhgoTpLnyIcHm24Uhqx+5Tqm2InSwLhE6Q==}
    engines: {node: '>=8'}

  path-key@4.0.0:
    resolution: {integrity: sha512-haREypq7xkM7ErfgIyA0z+Bj4AGKlMSdlQE2jvJo6huWD1EdkKYV+G/T4nq0YEF2vgTT8kqMFKo1uHn950r4SQ==}
    engines: {node: '>=12'}

  picocolors@1.0.1:
    resolution: {integrity: sha512-anP1Z8qwhkbmu7MFP5iTt+wQKXgwzf7zTyGlcdzabySa9vd0Xt392U0rVmz9poOaBj0uHJKyyo9/upk0HrEQew==}

  pretty-ms@9.2.0:
    resolution: {integrity: sha512-4yf0QO/sllf/1zbZWYnvWw3NxCQwLXKzIj0G849LSufP15BXKM0rbD2Z3wVnkMfjdn/CB0Dpp444gYAACdsplg==}
    engines: {node: '>=18'}

  semver@7.7.3:
    resolution: {integrity: sha512-SdsKMrI9TdgjdweUSR9MweHA4EJ8YxHn8DFaDisvhVlUOe4BF1tLD7GAj0lIqWVl+dPb/rExr0Btby5loQm20Q==}
    engines: {node: '>=10'}
    hasBin: true

  shebang-command@2.0.0:
    resolution: {integrity: sha512-kHxr2zZpYtdmrN1qDjrrX/Z1rR1kG8Dx+gkpK1G4eXmvXswmcE1hTWBWYUzlraYw1/yZp6YuDY77YtvbN0dmDA==}
    engines: {node: '>=8'}

  shebang-regex@3.0.0:
    resolution: {integrity: sha512-7++dFhtcx3353uBaq8DDR4NuxBetBzC7ZQOhmTQInHEd6bSrXdiEyzCvG07Z44UYdLShWUyXt5M/yhz8ekcb1A==}
    engines: {node: '>=8'}

  signal-exit@4.1.0:
    resolution: {integrity: sha512-bzyZ1e88w9O1iNJbKnOlvYTrWPDl46O1bG0D3XInv+9tkPrxrN8jUUTiFlDkkmKWgn1M6CfIA13SuGqOa9Korw==}
    engines: {node: '>=14'}

  simple-git-hooks@2.13.1:
    resolution: {integrity: sha512-WszCLXwT4h2k1ufIXAgsbiTOazqqevFCIncOuUBZJ91DdvWcC5+OFkluWRQPrcuSYd8fjq+o2y1QfWqYMoAToQ==}
    hasBin: true

  strip-final-newline@4.0.0:
    resolution: {integrity: sha512-aulFJcD6YK8V1G7iRB5tigAP4TsHBZZrOV8pjV++zdUwmeV8uzbY7yn6h9MswN62adStNZFuCIx4haBnRuMDaw==}
    engines: {node: '>=18'}

  tinypool@1.1.1:
    resolution: {integrity: sha512-Zba82s87IFq9A9XmjiX5uZA/ARWDrB03OHlq+Vw1fSdt0I+4/Kutwy8BP4Y/y/aORMo61FQ0vIb5j44vSo5Pkg==}
    engines: {node: ^18.0.0 || >=20.0.0}

  tslib@2.8.1:
    resolution: {integrity: sha512-oJFu94HQb+KVduSUQL7wnpmqnfmLsOA/nAh6b6EH0wCEoK0/mPeXU6c3wKDV83MkOuHPRHtSXKKU99IBazS/2w==}

  typescript@5.9.3:
    resolution: {integrity: sha512-jl1vZzPDinLr9eUt3J/t7V6FgNEw9QjvBPdysz9KfQDD41fQrC2Y4vKQdiaUpFT4bXlb1RHhLpp8wtm6M5TgSw==}
    engines: {node: '>=14.17'}
    hasBin: true

  undici-types@6.21.0:
    resolution: {integrity: sha512-iwDZqg0QAGrg9Rav5H4n0M64c3mkR59cJ6wQp+7C4nI0gsmExaedaYLNO44eT4AtBBwjbTiGPMlt2Md0T9H9JQ==}

  unicorn-magic@0.3.0:
    resolution: {integrity: sha512-+QBBXBCvifc56fsbuxZQ6Sic3wqqc3WWaqxs58gvJrcOuN83HGTCwz3oS5phzU9LthRNE9VrJCFCLUgHeeFnfA==}
    engines: {node: '>=18'}

  universalify@2.0.1:
    resolution: {integrity: sha512-gptHNQghINnc/vTGIk0SOFGFNXw7JVrlRUtConJRlvaw6DuX0wO5Jeko9sWrMBhh+PsYAZ7oXAiOnf/UKogyiw==}
    engines: {node: '>= 10.0.0'}

  which@2.0.2:
    resolution: {integrity: sha512-BLI3Tl1TW3Pvl70l3yq3Y64i+awpwXqsGBYWkkqMtnbXgrMD+yj7rhW0kuEDxzJaYXGjEW5ogapKNMEKNMjibA==}
    engines: {node: '>= 8'}
    hasBin: true

  yoctocolors@2.1.1:
    resolution: {integrity: sha512-GQHQqAopRhwU8Kt1DDM8NjibDXHC8eoh1erhGAJPEyveY9qqVeXvVikNKrDz69sHowPMorbPUrH/mx8c50eiBQ==}
    engines: {node: '>=18'}

snapshots:

  '@biomejs/biome@1.9.4':
    optionalDependencies:
      '@biomejs/cli-darwin-arm64': 1.9.4
      '@biomejs/cli-darwin-x64': 1.9.4
      '@biomejs/cli-linux-arm64': 1.9.4
      '@biomejs/cli-linux-arm64-musl': 1.9.4
      '@biomejs/cli-linux-x64': 1.9.4
      '@biomejs/cli-linux-x64-musl': 1.9.4
      '@biomejs/cli-win32-arm64': 1.9.4
      '@biomejs/cli-win32-x64': 1.9.4

  '@biomejs/cli-darwin-arm64@1.9.4':
    optional: true

  '@biomejs/cli-darwin-x64@1.9.4':
    optional: true

  '@biomejs/cli-linux-arm64-musl@1.9.4':
    optional: true

  '@biomejs/cli-linux-arm64@1.9.4':
    optional: true

  '@biomejs/cli-linux-x64-musl@1.9.4':
    optional: true

  '@biomejs/cli-linux-x64@1.9.4':
    optional: true

  '@biomejs/cli-win32-arm64@1.9.4':
    optional: true

  '@biomejs/cli-win32-x64@1.9.4':
    optional: true

  '@emnapi/core@1.5.0':
    dependencies:
      '@emnapi/wasi-threads': 1.1.0
      tslib: 2.8.1
    optional: true

  '@emnapi/runtime@1.5.0':
    dependencies:
      tslib: 2.8.1
    optional: true

  '@emnapi/wasi-threads@1.1.0':
    dependencies:
      tslib: 2.8.1
    optional: true

  '@epic-web/invariant@1.0.0': {}

  '@module-federation/error-codes@0.21.1': {}

  '@module-federation/error-codes@0.21.2': {}

  '@module-federation/runtime-core@0.21.1':
    dependencies:
      '@module-federation/error-codes': 0.21.1
      '@module-federation/sdk': 0.21.1

  '@module-federation/runtime-core@0.21.2':
    dependencies:
      '@module-federation/error-codes': 0.21.2
      '@module-federation/sdk': 0.21.2

  '@module-federation/runtime-tools@0.21.1':
    dependencies:
      '@module-federation/runtime': 0.21.1
      '@module-federation/webpack-bundler-runtime': 0.21.1

  '@module-federation/runtime-tools@0.21.2':
    dependencies:
      '@module-federation/runtime': 0.21.2
      '@module-federation/webpack-bundler-runtime': 0.21.2

  '@module-federation/runtime@0.21.1':
    dependencies:
      '@module-federation/error-codes': 0.21.1
      '@module-federation/runtime-core': 0.21.1
      '@module-federation/sdk': 0.21.1

  '@module-federation/runtime@0.21.2':
    dependencies:
      '@module-federation/error-codes': 0.21.2
      '@module-federation/runtime-core': 0.21.2
      '@module-federation/sdk': 0.21.2

  '@module-federation/sdk@0.21.1': {}

  '@module-federation/sdk@0.21.2': {}

  '@module-federation/webpack-bundler-runtime@0.21.1':
    dependencies:
      '@module-federation/runtime': 0.21.1
      '@module-federation/sdk': 0.21.1

  '@module-federation/webpack-bundler-runtime@0.21.2':
    dependencies:
      '@module-federation/runtime': 0.21.2
      '@module-federation/sdk': 0.21.2

  '@napi-rs/wasm-runtime@1.0.7':
    dependencies:
      '@emnapi/core': 1.5.0
      '@emnapi/runtime': 1.5.0
      '@tybys/wasm-util': 0.10.1
    optional: true

  '@rsbuild/core@1.6.0-beta.1':
    dependencies:
      '@rspack/core': 1.6.0-beta.1(@swc/helpers@0.5.17)
      '@rspack/lite-tapable': 1.0.1
      '@swc/helpers': 0.5.17
      core-js: 3.46.0
      jiti: 2.6.1

  '@rspack/binding-darwin-arm64@1.6.0':
    optional: true

  '@rspack/binding-darwin-arm64@1.6.0-beta.1':
    optional: true

  '@rspack/binding-darwin-x64@1.6.0':
    optional: true

  '@rspack/binding-darwin-x64@1.6.0-beta.1':
    optional: true

  '@rspack/binding-linux-arm64-gnu@1.6.0':
    optional: true

  '@rspack/binding-linux-arm64-gnu@1.6.0-beta.1':
    optional: true

  '@rspack/binding-linux-arm64-musl@1.6.0':
    optional: true

  '@rspack/binding-linux-arm64-musl@1.6.0-beta.1':
    optional: true

  '@rspack/binding-linux-x64-gnu@1.6.0':
    optional: true

  '@rspack/binding-linux-x64-gnu@1.6.0-beta.1':
    optional: true

  '@rspack/binding-linux-x64-musl@1.6.0':
    optional: true

  '@rspack/binding-linux-x64-musl@1.6.0-beta.1':
    optional: true

  '@rspack/binding-wasm32-wasi@1.6.0':
    dependencies:
      '@napi-rs/wasm-runtime': 1.0.7
    optional: true

  '@rspack/binding-wasm32-wasi@1.6.0-beta.1':
    dependencies:
      '@napi-rs/wasm-runtime': 1.0.7
    optional: true

  '@rspack/binding-win32-arm64-msvc@1.6.0':
    optional: true

  '@rspack/binding-win32-arm64-msvc@1.6.0-beta.1':
    optional: true

  '@rspack/binding-win32-ia32-msvc@1.6.0':
    optional: true

  '@rspack/binding-win32-ia32-msvc@1.6.0-beta.1':
    optional: true

  '@rspack/binding-win32-x64-msvc@1.6.0':
    optional: true

  '@rspack/binding-win32-x64-msvc@1.6.0-beta.1':
    optional: true

  '@rspack/binding@1.6.0':
    optionalDependencies:
      '@rspack/binding-darwin-arm64': 1.6.0
      '@rspack/binding-darwin-x64': 1.6.0
      '@rspack/binding-linux-arm64-gnu': 1.6.0
      '@rspack/binding-linux-arm64-musl': 1.6.0
      '@rspack/binding-linux-x64-gnu': 1.6.0
      '@rspack/binding-linux-x64-musl': 1.6.0
      '@rspack/binding-wasm32-wasi': 1.6.0
      '@rspack/binding-win32-arm64-msvc': 1.6.0
      '@rspack/binding-win32-ia32-msvc': 1.6.0
      '@rspack/binding-win32-x64-msvc': 1.6.0

  '@rspack/binding@1.6.0-beta.1':
    optionalDependencies:
      '@rspack/binding-darwin-arm64': 1.6.0-beta.1
      '@rspack/binding-darwin-x64': 1.6.0-beta.1
      '@rspack/binding-linux-arm64-gnu': 1.6.0-beta.1
      '@rspack/binding-linux-arm64-musl': 1.6.0-beta.1
      '@rspack/binding-linux-x64-gnu': 1.6.0-beta.1
      '@rspack/binding-linux-x64-musl': 1.6.0-beta.1
      '@rspack/binding-wasm32-wasi': 1.6.0-beta.1
      '@rspack/binding-win32-arm64-msvc': 1.6.0-beta.1
      '@rspack/binding-win32-ia32-msvc': 1.6.0-beta.1
      '@rspack/binding-win32-x64-msvc': 1.6.0-beta.1

  '@rspack/core@1.6.0(@swc/helpers@0.5.17)':
    dependencies:
      '@module-federation/runtime-tools': 0.21.2
      '@rspack/binding': 1.6.0
      '@rspack/lite-tapable': 1.0.1
    optionalDependencies:
      '@swc/helpers': 0.5.17

  '@rspack/core@1.6.0-beta.1(@swc/helpers@0.5.17)':
    dependencies:
      '@module-federation/runtime-tools': 0.21.1
      '@rspack/binding': 1.6.0-beta.1
      '@rspack/lite-tapable': 1.0.1
    optionalDependencies:
      '@swc/helpers': 0.5.17

  '@rspack/lite-tapable@1.0.1': {}

  '@rstest/core@0.6.1':
    dependencies:
      '@rsbuild/core': 1.6.0-beta.1
      '@types/chai': 5.2.3
      tinypool: 1.1.1

  '@sec-ant/readable-stream@0.4.1': {}

  '@sindresorhus/merge-streams@4.0.0': {}

  '@swc/helpers@0.5.17':
    dependencies:
      tslib: 2.8.1

  '@tybys/wasm-util@0.10.1':
    dependencies:
      tslib: 2.8.1
    optional: true

  '@types/chai@5.2.3':
    dependencies:
      '@types/deep-eql': 4.0.2
      assertion-error: 2.0.1

  '@types/deep-eql@4.0.2': {}

  '@types/node@22.18.13':
    dependencies:
      undici-types: 6.21.0

  assertion-error@2.0.1: {}

  core-js@3.46.0: {}

  cross-env@10.1.0:
    dependencies:
      '@epic-web/invariant': 1.0.0
      cross-spawn: 7.0.6

  cross-spawn@7.0.6:
    dependencies:
      path-key: 3.1.1
      shebang-command: 2.0.0
      which: 2.0.2

  execa@9.6.0:
    dependencies:
      '@sindresorhus/merge-streams': 4.0.0
      cross-spawn: 7.0.6
      figures: 6.1.0
      get-stream: 9.0.1
      human-signals: 8.0.1
      is-plain-obj: 4.1.0
      is-stream: 4.0.1
      npm-run-path: 6.0.0
      pretty-ms: 9.2.0
      signal-exit: 4.1.0
      strip-final-newline: 4.0.0
      yoctocolors: 2.1.1

  figures@6.1.0:
    dependencies:
      is-unicode-supported: 2.0.0

  fs-extra@11.3.2:
    dependencies:
      graceful-fs: 4.2.11
      jsonfile: 6.1.0
      universalify: 2.0.1

  get-stream@9.0.1:
    dependencies:
      '@sec-ant/readable-stream': 0.4.1
      is-stream: 4.0.1

  graceful-fs@4.2.11: {}

  human-signals@8.0.1: {}

  is-plain-obj@4.1.0: {}

  is-stream@4.0.1: {}

  is-unicode-supported@2.0.0: {}

  isexe@2.0.0: {}

  jiti@2.6.1: {}

  jsonfile@6.1.0:
    dependencies:
      universalify: 2.0.1
    optionalDependencies:
      graceful-fs: 4.2.11

  nano-staged@0.8.0:
    dependencies:
      picocolors: 1.0.1

  npm-run-path@6.0.0:
    dependencies:
      path-key: 4.0.0
      unicorn-magic: 0.3.0

  parse-ms@4.0.0: {}

  path-key@3.1.1: {}

  path-key@4.0.0: {}

  picocolors@1.0.1: {}

  pretty-ms@9.2.0:
    dependencies:
      parse-ms: 4.0.0

  semver@7.7.3: {}

  shebang-command@2.0.0:
    dependencies:
      shebang-regex: 3.0.0

  shebang-regex@3.0.0: {}

  signal-exit@4.1.0: {}

  simple-git-hooks@2.13.1: {}

  strip-final-newline@4.0.0: {}

  tinypool@1.1.1: {}

  tslib@2.8.1: {}

  typescript@5.9.3: {}

  undici-types@6.21.0: {}

  unicorn-magic@0.3.0: {}

  universalify@2.0.1: {}

  which@2.0.2:
    dependencies:
      isexe: 2.0.0

  yoctocolors@2.1.1: {}
